
Microsoft Visual Studio Solution File, Format Version 12.00
# Visual Studio Version 17
VisualStudioVersion = 17.2.32616.157
MinimumVisualStudioVersion = 10.0.40219.1
Project("{FAE04EC0-301F-11D3-BF4B-00C04F79EFBC}") = "exercise-2 frontend", "exercise-2 frontend\exercise-2 frontend.csproj", "{FFE440D3-79CA-4143-95AB-10A0F565A2AE}"
EndProject
Global
	GlobalSection(SolutionConfigurationPlatforms) = preSolution
		Debug|Any CPU = Debug|Any CPU
		Release|Any CPU = Release|Any CPU
	EndGlobalSection
	GlobalSection(ProjectConfigurationPlatforms) = postSolution
		{FFE440D3-79CA-4143-95AB-10A0F565A2AE}.Debug|Any CPU.ActiveCfg = Debug|Any CPU
		{FFE440D3-79CA-4143-95AB-10A0F565A2AE}.Debug|Any CPU.Build.0 = Debug|Any CPU
		{FFE440D3-79CA-4143-95AB-10A0F565A2AE}.Release|Any CPU.ActiveCfg = Release|Any CPU
		{FFE440D3-79CA-4143-95AB-10A0F565A2AE}.Release|Any CPU.Build.0 = Release|Any CPU
	EndGlobalSection
	GlobalSection(SolutionProperties) = preSolution
		HideSolutionNode = FALSE
	EndGlobalSection
	GlobalSection(ExtensibilityGlobals) = postSolution
		SolutionGuid = {85E711DF-12D1-4148-ABBD-744712BDDEB5}
	EndGlobalSection
EndGlobal
